
Microsoft Visual Studio Solution File, Format Version 12.00
# Visual Studio Version 17
VisualStudioVersion = 17.9.34714.143
MinimumVisualStudioVersion = 10.0.40219.1
Project("{FAE04EC0-301F-11D3-BF4B-00C04F79EFBC}") = "ScripthookDotNetExtended", "ScripthookDotNetExtended\ScripthookDotNetExtended.csproj", "{F80E8D4B-28CB-4817-9157-6B04191B5F11}"
EndProject
Global
	GlobalSection(SolutionConfigurationPlatforms) = preSolution
		Debug|Any CPU = Debug|Any CPU
		Release|Any CPU = Release|Any CPU
	EndGlobalSection
	GlobalSection(ProjectConfigurationPlatforms) = postSolution
		{F80E8D4B-28CB-4817-9157-6B04191B5F11}.Debug|Any CPU.ActiveCfg = Debug|Any CPU
		{F80E8D4B-28CB-4817-9157-6B04191B5F11}.Debug|Any CPU.Build.0 = Debug|Any CPU
		{F80E8D4B-28CB-4817-9157-6B04191B5F11}.Release|Any CPU.ActiveCfg = Release|Any CPU
		{F80E8D4B-28CB-4817-9157-6B04191B5F11}.Release|Any CPU.Build.0 = Release|Any CPU
	EndGlobalSection
	GlobalSection(SolutionProperties) = preSolution
		HideSolutionNode = FALSE
	EndGlobalSection
	GlobalSection(ExtensibilityGlobals) = postSolution
		SolutionGuid = {043D7019-4458-4E32-8920-4B70C9FA3A60}
	EndGlobalSection
EndGlobal
